
Microsoft Visual Studio Solution File, Format Version 12.00
# Visual Studio Version 17
VisualStudioVersion = 17.10.35122.118
MinimumVisualStudioVersion = 10.0.40219.1
Project("{9A19103F-16F7-4668-BE54-9A1E7A4F7556}") = "AiaGenerator", "AiaGenerator\AiaGenerator.csproj", "{A29D764A-4408-4E24-A5E5-1EF317E49DBC}"
EndProject
Project("{9A19103F-16F7-4668-BE54-9A1E7A4F7556}") = "AiaGenerator.Test", "AiaGenerator.Test\AiaGenerator.Test.csproj", "{14F88F1A-CABB-4B9C-85B7-8A750626B913}"
EndProject
Project("{FAE04EC0-301F-11D3-BF4B-00C04F79EFBC}") = "Integration.Test", "Integration.Test\Integration.Test.csproj", "{EEEEDBCE-6955-4B7B-9570-25D0F097CCF5}"
EndProject
Global
	GlobalSection(SolutionConfigurationPlatforms) = preSolution
		Debug|Any CPU = Debug|Any CPU
		Release|Any CPU = Release|Any CPU
	EndGlobalSection
	GlobalSection(ProjectConfigurationPlatforms) = postSolution
		{A29D764A-4408-4E24-A5E5-1EF317E49DBC}.Debug|Any CPU.ActiveCfg = Debug|Any CPU
		{A29D764A-4408-4E24-A5E5-1EF317E49DBC}.Debug|Any CPU.Build.0 = Debug|Any CPU
		{A29D764A-4408-4E24-A5E5-1EF317E49DBC}.Release|Any CPU.ActiveCfg = Release|Any CPU
		{A29D764A-4408-4E24-A5E5-1EF317E49DBC}.Release|Any CPU.Build.0 = Release|Any CPU
		{14F88F1A-CABB-4B9C-85B7-8A750626B913}.Debug|Any CPU.ActiveCfg = Debug|Any CPU
		{14F88F1A-CABB-4B9C-85B7-8A750626B913}.Debug|Any CPU.Build.0 = Debug|Any CPU
		{14F88F1A-CABB-4B9C-85B7-8A750626B913}.Release|Any CPU.ActiveCfg = Release|Any CPU
		{14F88F1A-CABB-4B9C-85B7-8A750626B913}.Release|Any CPU.Build.0 = Release|Any CPU
		{EEEEDBCE-6955-4B7B-9570-25D0F097CCF5}.Debug|Any CPU.ActiveCfg = Debug|Any CPU
		{EEEEDBCE-6955-4B7B-9570-25D0F097CCF5}.Debug|Any CPU.Build.0 = Debug|Any CPU
		{EEEEDBCE-6955-4B7B-9570-25D0F097CCF5}.Release|Any CPU.ActiveCfg = Release|Any CPU
		{EEEEDBCE-6955-4B7B-9570-25D0F097CCF5}.Release|Any CPU.Build.0 = Release|Any CPU
	EndGlobalSection
	GlobalSection(SolutionProperties) = preSolution
		HideSolutionNode = FALSE
	EndGlobalSection
	GlobalSection(ExtensibilityGlobals) = postSolution
		SolutionGuid = {F473D62F-487E-4C82-A876-B74FD2ED5848}
	EndGlobalSection
EndGlobal
